
Microsoft Visual Studio Solution File, Format Version 12.00
# Visual Studio 2012
Project("{FAE04EC0-301F-11D3-BF4B-00C04F79EFBC}") = "HybridStorage", "HybridStorage\HybridStorage.csproj", "{6EE2A046-4629-4B26-9978-50C2B84CE541}"
EndProject
Project("{FAE04EC0-301F-11D3-BF4B-00C04F79EFBC}") = "HybridStorageTests", "HybridStorageTests\HybridStorageTests.csproj", "{8B78BD77-5A4E-442D-B8A0-A05C720362E2}"
EndProject
Global
	GlobalSection(SolutionConfigurationPlatforms) = preSolution
		Debug|Any CPU = Debug|Any CPU
		Release|Any CPU = Release|Any CPU
	EndGlobalSection
	GlobalSection(ProjectConfigurationPlatforms) = postSolution
		{6EE2A046-4629-4B26-9978-50C2B84CE541}.Debug|Any CPU.ActiveCfg = Debug|Any CPU
		{6EE2A046-4629-4B26-9978-50C2B84CE541}.Debug|Any CPU.Build.0 = Debug|Any CPU
		{6EE2A046-4629-4B26-9978-50C2B84CE541}.Release|Any CPU.ActiveCfg = Release|Any CPU
		{6EE2A046-4629-4B26-9978-50C2B84CE541}.Release|Any CPU.Build.0 = Release|Any CPU
		{8B78BD77-5A4E-442D-B8A0-A05C720362E2}.Debug|Any CPU.ActiveCfg = Debug|Any CPU
		{8B78BD77-5A4E-442D-B8A0-A05C720362E2}.Debug|Any CPU.Build.0 = Debug|Any CPU
		{8B78BD77-5A4E-442D-B8A0-A05C720362E2}.Release|Any CPU.ActiveCfg = Release|Any CPU
		{8B78BD77-5A4E-442D-B8A0-A05C720362E2}.Release|Any CPU.Build.0 = Release|Any CPU
	EndGlobalSection
	GlobalSection(SolutionProperties) = preSolution
		HideSolutionNode = FALSE
	EndGlobalSection
EndGlobal
